
Microsoft Visual Studio Solution File, Format Version 12.00
# Visual Studio Version 17
VisualStudioVersion = 17.12.35514.174
MinimumVisualStudioVersion = 10.0.40219.1
Project("{2150E333-8FDC-42A3-9474-1A3956D46DE8}") = "Services", "Services", "{15373F50-CA98-4ED0-AD8E-C580E9D0BD2D}"
EndProject
Project("{2150E333-8FDC-42A3-9474-1A3956D46DE8}") = "OrderService", "OrderService", "{BF91485E-B546-44C9-B498-4497040AFF08}"
EndProject
Project("{FAE04EC0-301F-11D3-BF4B-00C04F79EFBC}") = "OrderService.Api", "Services\OrderService\OrderService.Api\OrderService.Api.csproj", "{979C6393-DAC0-4E84-9638-0E62FA80C7E0}"
EndProject
Project("{FAE04EC0-301F-11D3-BF4B-00C04F79EFBC}") = "OrderService.Application", "Services\OrderService\OrderService.Application\OrderService.Application.csproj", "{7EF09122-DDDB-491C-BBFB-9E4924D063DD}"
EndProject
Project("{FAE04EC0-301F-11D3-BF4B-00C04F79EFBC}") = "OrderService.Domain", "Services\OrderService\OrderService.Domain\OrderService.Domain.csproj", "{0C9E11A7-88A8-482B-BFAC-82A68C534785}"
EndProject
Project("{FAE04EC0-301F-11D3-BF4B-00C04F79EFBC}") = "OrderService.Infrastructure", "Services\OrderService\OrderService.Infrastructure\OrderService.Infrastructure.csproj", "{31AF54BB-9B2B-4265-962A-AD2E4232D446}"
EndProject
Project("{2150E333-8FDC-42A3-9474-1A3956D46DE8}") = "Solution Items", "Solution Items", "{13817B66-7162-4E98-ABE0-14E62CF4CB7C}"
	ProjectSection(SolutionItems) = preProject
		docker-compose.graylog.yml = docker-compose.graylog.yml
		docker-compose.yml = docker-compose.yml
		docker-init.sql = docker-init.sql
	EndProjectSection
EndProject
Project("{2150E333-8FDC-42A3-9474-1A3956D46DE8}") = "StockService", "StockService", "{4A768A3C-38DA-4E6C-955F-4ED9943E014B}"
EndProject
Project("{FAE04EC0-301F-11D3-BF4B-00C04F79EFBC}") = "StockService.Api", "Services\StockService\StockService.Api\StockService.Api.csproj", "{10E17CF1-D3AA-4416-8264-567509869FBA}"
EndProject
Project("{FAE04EC0-301F-11D3-BF4B-00C04F79EFBC}") = "StockService.Application", "Services\StockService\StockService.Application\StockService.Application.csproj", "{6FD493EC-E03A-4B00-A83E-E3E1EE741FF7}"
EndProject
Project("{FAE04EC0-301F-11D3-BF4B-00C04F79EFBC}") = "StockService.Domain", "Services\StockService\StockService.Domain\StockService.Domain.csproj", "{44100A91-2077-440F-8198-AD1CA0F1E42E}"
EndProject
Project("{FAE04EC0-301F-11D3-BF4B-00C04F79EFBC}") = "StockService.Infrastructure", "Services\StockService\StockService.Infrastructure\StockService.Infrastructure.csproj", "{B2C576C2-0746-4A92-AE66-78046A5F6EEF}"
EndProject
Project("{2150E333-8FDC-42A3-9474-1A3956D46DE8}") = "NotificationService", "NotificationService", "{B5387B12-2165-4E8B-BE3F-CED0873160FD}"
EndProject
Project("{FAE04EC0-301F-11D3-BF4B-00C04F79EFBC}") = "NotificationService.Api", "Services\NotificationService\NotificationService.Api\NotificationService.Api.csproj", "{5474A84B-ED4F-4FE3-A669-5B864C3592FB}"
EndProject
Project("{FAE04EC0-301F-11D3-BF4B-00C04F79EFBC}") = "NotificationService.Application", "Services\NotificationService\NotificationService.Application\NotificationService.Application.csproj", "{12790039-0C79-4353-A176-534BCABD4570}"
EndProject
Project("{FAE04EC0-301F-11D3-BF4B-00C04F79EFBC}") = "NotificationService.Domain", "Services\NotificationService\NotificationService.Domain\NotificationService.Domain.csproj", "{91C0EB15-D183-43B2-94B4-55A0F6B6E2EC}"
EndProject
Project("{FAE04EC0-301F-11D3-BF4B-00C04F79EFBC}") = "NotificationService.Infrastructure", "Services\NotificationService\NotificationService.Infrastructure\NotificationService.Infrastructure.csproj", "{E290DE31-D5CA-4FC1-8B30-3A4E857A0A27}"
EndProject
Global
	GlobalSection(SolutionConfigurationPlatforms) = preSolution
		Debug|Any CPU = Debug|Any CPU
		Release|Any CPU = Release|Any CPU
	EndGlobalSection
	GlobalSection(ProjectConfigurationPlatforms) = postSolution
		{979C6393-DAC0-4E84-9638-0E62FA80C7E0}.Debug|Any CPU.ActiveCfg = Debug|Any CPU
		{979C6393-DAC0-4E84-9638-0E62FA80C7E0}.Debug|Any CPU.Build.0 = Debug|Any CPU
		{979C6393-DAC0-4E84-9638-0E62FA80C7E0}.Release|Any CPU.ActiveCfg = Release|Any CPU
		{979C6393-DAC0-4E84-9638-0E62FA80C7E0}.Release|Any CPU.Build.0 = Release|Any CPU
		{7EF09122-DDDB-491C-BBFB-9E4924D063DD}.Debug|Any CPU.ActiveCfg = Debug|Any CPU
		{7EF09122-DDDB-491C-BBFB-9E4924D063DD}.Debug|Any CPU.Build.0 = Debug|Any CPU
		{7EF09122-DDDB-491C-BBFB-9E4924D063DD}.Release|Any CPU.ActiveCfg = Release|Any CPU
		{7EF09122-DDDB-491C-BBFB-9E4924D063DD}.Release|Any CPU.Build.0 = Release|Any CPU
		{0C9E11A7-88A8-482B-BFAC-82A68C534785}.Debug|Any CPU.ActiveCfg = Debug|Any CPU
		{0C9E11A7-88A8-482B-BFAC-82A68C534785}.Debug|Any CPU.Build.0 = Debug|Any CPU
		{0C9E11A7-88A8-482B-BFAC-82A68C534785}.Release|Any CPU.ActiveCfg = Release|Any CPU
		{0C9E11A7-88A8-482B-BFAC-82A68C534785}.Release|Any CPU.Build.0 = Release|Any CPU
		{31AF54BB-9B2B-4265-962A-AD2E4232D446}.Debug|Any CPU.ActiveCfg = Debug|Any CPU
		{31AF54BB-9B2B-4265-962A-AD2E4232D446}.Debug|Any CPU.Build.0 = Debug|Any CPU
		{31AF54BB-9B2B-4265-962A-AD2E4232D446}.Release|Any CPU.ActiveCfg = Release|Any CPU
		{31AF54BB-9B2B-4265-962A-AD2E4232D446}.Release|Any CPU.Build.0 = Release|Any CPU
		{10E17CF1-D3AA-4416-8264-567509869FBA}.Debug|Any CPU.ActiveCfg = Debug|Any CPU
		{10E17CF1-D3AA-4416-8264-567509869FBA}.Debug|Any CPU.Build.0 = Debug|Any CPU
		{10E17CF1-D3AA-4416-8264-567509869FBA}.Release|Any CPU.ActiveCfg = Release|Any CPU
		{10E17CF1-D3AA-4416-8264-567509869FBA}.Release|Any CPU.Build.0 = Release|Any CPU
		{6FD493EC-E03A-4B00-A83E-E3E1EE741FF7}.Debug|Any CPU.ActiveCfg = Debug|Any CPU
		{6FD493EC-E03A-4B00-A83E-E3E1EE741FF7}.Debug|Any CPU.Build.0 = Debug|Any CPU
		{6FD493EC-E03A-4B00-A83E-E3E1EE741FF7}.Release|Any CPU.ActiveCfg = Release|Any CPU
		{6FD493EC-E03A-4B00-A83E-E3E1EE741FF7}.Release|Any CPU.Build.0 = Release|Any CPU
		{44100A91-2077-440F-8198-AD1CA0F1E42E}.Debug|Any CPU.ActiveCfg = Debug|Any CPU
		{44100A91-2077-440F-8198-AD1CA0F1E42E}.Debug|Any CPU.Build.0 = Debug|Any CPU
		{44100A91-2077-440F-8198-AD1CA0F1E42E}.Release|Any CPU.ActiveCfg = Release|Any CPU
		{44100A91-2077-440F-8198-AD1CA0F1E42E}.Release|Any CPU.Build.0 = Release|Any CPU
		{B2C576C2-0746-4A92-AE66-78046A5F6EEF}.Debug|Any CPU.ActiveCfg = Debug|Any CPU
		{B2C576C2-0746-4A92-AE66-78046A5F6EEF}.Debug|Any CPU.Build.0 = Debug|Any CPU
		{B2C576C2-0746-4A92-AE66-78046A5F6EEF}.Release|Any CPU.ActiveCfg = Release|Any CPU
		{B2C576C2-0746-4A92-AE66-78046A5F6EEF}.Release|Any CPU.Build.0 = Release|Any CPU
		{5474A84B-ED4F-4FE3-A669-5B864C3592FB}.Debug|Any CPU.ActiveCfg = Debug|Any CPU
		{5474A84B-ED4F-4FE3-A669-5B864C3592FB}.Debug|Any CPU.Build.0 = Debug|Any CPU
		{5474A84B-ED4F-4FE3-A669-5B864C3592FB}.Release|Any CPU.ActiveCfg = Release|Any CPU
		{5474A84B-ED4F-4FE3-A669-5B864C3592FB}.Release|Any CPU.Build.0 = Release|Any CPU
		{12790039-0C79-4353-A176-534BCABD4570}.Debug|Any CPU.ActiveCfg = Debug|Any CPU
		{12790039-0C79-4353-A176-534BCABD4570}.Debug|Any CPU.Build.0 = Debug|Any CPU
		{12790039-0C79-4353-A176-534BCABD4570}.Release|Any CPU.ActiveCfg = Release|Any CPU
		{12790039-0C79-4353-A176-534BCABD4570}.Release|Any CPU.Build.0 = Release|Any CPU
		{91C0EB15-D183-43B2-94B4-55A0F6B6E2EC}.Debug|Any CPU.ActiveCfg = Debug|Any CPU
		{91C0EB15-D183-43B2-94B4-55A0F6B6E2EC}.Debug|Any CPU.Build.0 = Debug|Any CPU
		{91C0EB15-D183-43B2-94B4-55A0F6B6E2EC}.Release|Any CPU.ActiveCfg = Release|Any CPU
		{91C0EB15-D183-43B2-94B4-55A0F6B6E2EC}.Release|Any CPU.Build.0 = Release|Any CPU
		{E290DE31-D5CA-4FC1-8B30-3A4E857A0A27}.Debug|Any CPU.ActiveCfg = Debug|Any CPU
		{E290DE31-D5CA-4FC1-8B30-3A4E857A0A27}.Debug|Any CPU.Build.0 = Debug|Any CPU
		{E290DE31-D5CA-4FC1-8B30-3A4E857A0A27}.Release|Any CPU.ActiveCfg = Release|Any CPU
		{E290DE31-D5CA-4FC1-8B30-3A4E857A0A27}.Release|Any CPU.Build.0 = Release|Any CPU
	EndGlobalSection
	GlobalSection(SolutionProperties) = preSolution
		HideSolutionNode = FALSE
	EndGlobalSection
	GlobalSection(NestedProjects) = preSolution
		{BF91485E-B546-44C9-B498-4497040AFF08} = {15373F50-CA98-4ED0-AD8E-C580E9D0BD2D}
		{979C6393-DAC0-4E84-9638-0E62FA80C7E0} = {BF91485E-B546-44C9-B498-4497040AFF08}
		{7EF09122-DDDB-491C-BBFB-9E4924D063DD} = {BF91485E-B546-44C9-B498-4497040AFF08}
		{0C9E11A7-88A8-482B-BFAC-82A68C534785} = {BF91485E-B546-44C9-B498-4497040AFF08}
		{31AF54BB-9B2B-4265-962A-AD2E4232D446} = {BF91485E-B546-44C9-B498-4497040AFF08}
		{4A768A3C-38DA-4E6C-955F-4ED9943E014B} = {15373F50-CA98-4ED0-AD8E-C580E9D0BD2D}
		{10E17CF1-D3AA-4416-8264-567509869FBA} = {4A768A3C-38DA-4E6C-955F-4ED9943E014B}
		{6FD493EC-E03A-4B00-A83E-E3E1EE741FF7} = {4A768A3C-38DA-4E6C-955F-4ED9943E014B}
		{44100A91-2077-440F-8198-AD1CA0F1E42E} = {4A768A3C-38DA-4E6C-955F-4ED9943E014B}
		{B2C576C2-0746-4A92-AE66-78046A5F6EEF} = {4A768A3C-38DA-4E6C-955F-4ED9943E014B}
		{B5387B12-2165-4E8B-BE3F-CED0873160FD} = {15373F50-CA98-4ED0-AD8E-C580E9D0BD2D}
		{5474A84B-ED4F-4FE3-A669-5B864C3592FB} = {B5387B12-2165-4E8B-BE3F-CED0873160FD}
		{12790039-0C79-4353-A176-534BCABD4570} = {B5387B12-2165-4E8B-BE3F-CED0873160FD}
		{91C0EB15-D183-43B2-94B4-55A0F6B6E2EC} = {B5387B12-2165-4E8B-BE3F-CED0873160FD}
		{E290DE31-D5CA-4FC1-8B30-3A4E857A0A27} = {B5387B12-2165-4E8B-BE3F-CED0873160FD}
	EndGlobalSection
EndGlobal
